# This file is automatically @generated by Poetry 1.7.1 and should not be changed by hand.

[[package]]
name = "pymupdf"
version = "1.23.21"
description = "A high performance Python library for data extraction, analysis, conversion & manipulation of PDF (and other) documents."
optional = false
python-versions = ">=3.8"
files = [
    {file = "PyMuPDF-1.23.21-cp310-none-macosx_10_9_x86_64.whl", hash = "sha256:92c24269dabc7f935ed6f27d8111c1f302cf17e2eb8659b12106dd7f06ccc8d3"},
    {file = "PyMuPDF-1.23.21-cp310-none-macosx_11_0_arm64.whl", hash = "sha256:4a20550ce63120d98150a62eba0ed78536ab3ed46d30772805d9f39c8ad68df7"},
    {file = "PyMuPDF-1.23.21-cp310-none-manylinux2014_aarch64.whl", hash = "sha256:ad836ab47617fd998e7637df5a702bec01e5e7617f0b79e1fe09efbe2bd83b6d"},
    {file = "PyMuPDF-1.23.21-cp310-none-manylinux2014_x86_64.whl", hash = "sha256:13f86a2e95a36c78a21ad2642d603cc20e592dda34d75da035af6cf544527aca"},
    {file = "PyMuPDF-1.23.21-cp310-none-win32.whl", hash = "sha256:623ad46cef6d52e43de79acf25bfc0e549ed90ab37d7e34563feed0b8a5bbc7e"},
    {file = "PyMuPDF-1.23.21-cp310-none-win_amd64.whl", hash = "sha256:8edc13a96428639a2836b45c7670d114c09247d35e131191f373ef895467d864"},
    {file = "PyMuPDF-1.23.21-cp311-none-macosx_10_9_x86_64.whl", hash = "sha256:640b0f3a740f173ee725a8f7d6af3c0bdff268d9514618cf049c9b4ff8046d7d"},
    {file = "PyMuPDF-1.23.21-cp311-none-macosx_11_0_arm64.whl", hash = "sha256:317a7d21aad5b853a2ca70bde2ab7438f845ca1f3a95236761b9cb40b2f7285f"},
    {file = "PyMuPDF-1.23.21-cp311-none-manylinux2014_aarch64.whl", hash = "sha256:0c21b5cb7ea7603f99c4dded8514ee73c5c2711b7f43b5606fd0181f873e98fd"},
    {file = "PyMuPDF-1.23.21-cp311-none-manylinux2014_x86_64.whl", hash = "sha256:be10b620d467503b743e244e81f573c84155f81b1ced54d6ce239a339a8af576"},
    {file = "PyMuPDF-1.23.21-cp311-none-win32.whl", hash = "sha256:2ae10b29d1a4dc0508ab4a8cff0f4746ec0a539a18520a85d7b45a2293fdf0b2"},
    {file = "PyMuPDF-1.23.21-cp311-none-win_amd64.whl", hash = "sha256:05695ee414b5e21a5da62050fe565c1fc047850e23ebde93c8ff6198a069f4b7"},
    {file = "PyMuPDF-1.23.21-cp312-none-macosx_10_9_x86_64.whl", hash = "sha256:e4c3b4b71357095be83ba101a09fc4755067140b6a19825cda0263c956eaa8bc"},
    {file = "PyMuPDF-1.23.21-cp312-none-macosx_11_0_arm64.whl", hash = "sha256:5b39a0b278b35e0383757963fd7079ccbbd9544dcd0ef63157f45f4a223b2d35"},
    {file = "PyMuPDF-1.23.21-cp312-none-manylinux2014_aarch64.whl", hash = "sha256:2e237eb0b1ef3c1f6526cca5f69f9d907d76a8822da5e33e673a0cf3d3e17773"},
    {file = "PyMuPDF-1.23.21-cp312-none-manylinux2014_x86_64.whl", hash = "sha256:654ae0c2461af7c07beb73eb9d3814bc27de5e6dae4859fb1f565c46ddce012d"},
    {file = "PyMuPDF-1.23.21-cp312-none-win32.whl", hash = "sha256:01f550922196082dd571e9a831a0d69b5b2c2493636d9a69dc6bcb0dca122198"},
    {file = "PyMuPDF-1.23.21-cp312-none-win_amd64.whl", hash = "sha256:e1e65862414aee6f24a6cb83498f6de53544d56b18e948ccde41bd5f7743a554"},
    {file = "PyMuPDF-1.23.21-cp38-none-macosx_10_9_x86_64.whl", hash = "sha256:440abbbf8da20a2a9d516a1cbd92e416c18e415d941ea935471e9019a7717401"},
    {file = "PyMuPDF-1.23.21-cp38-none-macosx_11_0_arm64.whl", hash = "sha256:31fe84ec377d37d940e1780936b9441ee1922b72a5e311e637f923bfbc38eaf7"},
    {file = "PyMuPDF-1.23.21-cp38-none-manylinux2014_aarch64.whl", hash = "sha256:9b624b782a9cf38068048cde973d662f887ddb4c7de49e259797f5c6ffa84f0c"},
    {file = "PyMuPDF-1.23.21-cp38-none-manylinux2014_x86_64.whl", hash = "sha256:e8141e6a01254b8b048b45eef3b87b826f4397110357d478262816487d219651"},
    {file = "PyMuPDF-1.23.21-cp38-none-win32.whl", hash = "sha256:130ad0c7b710060197b1e7dfdf3b64dbc2a07cc170a7dbcaf7d9b06ea861d6d1"},
    {file = "PyMuPDF-1.23.21-cp38-none-win_amd64.whl", hash = "sha256:1a0c30294d975efc4d31f23fae67ab6439ee215728d87be91a05e8b500abeabe"},
    {file = "PyMuPDF-1.23.21-cp39-none-macosx_10_9_x86_64.whl", hash = "sha256:fd3e6d49cad384f2ad2bd9a00e3e4fcdf09155e84fd7cf26bc1cec04eddfe67a"},
    {file = "PyMuPDF-1.23.21-cp39-none-macosx_11_0_arm64.whl", hash = "sha256:cf8f7fa728c1942724105b08fe2b9cf711168b8ecf3aa883528633486f43456d"},
    {file = "PyMuPDF-1.23.21-cp39-none-manylinux2014_aarch64.whl", hash = "sha256:1a977217a0f5dffb9ba422e547abbcffad7f3c62f3b6e488fec7ad1a74cc8d50"},
    {file = "PyMuPDF-1.23.21-cp39-none-manylinux2014_x86_64.whl", hash = "sha256:033f80485b336ffd2577f4b99a1b6bd60567b2d1722288e88376b995f26c2994"},
    {file = "PyMuPDF-1.23.21-cp39-none-win32.whl", hash = "sha256:222737457b9c003b4aebd06a9d7c633115de6f64700a3b4cab3eb3ed72243ae8"},
    {file = "PyMuPDF-1.23.21-cp39-none-win_amd64.whl", hash = "sha256:46cd9a3acee024df0f3e9ec93b6ea2744b4927da2be3026a185c899f52d4147c"},
    {file = "PyMuPDF-1.23.21.tar.gz", hash = "sha256:79539ff09c5b7f8091bea3a9d48cd2490c1a14a3733589f280a4f48c51582c4c"},
]

[package.dependencies]
PyMuPDFb = "1.23.9"

[[package]]
name = "pymupdfb"
version = "1.23.9"
description = "MuPDF shared libraries for PyMuPDF."
optional = false
python-versions = ">=3.8"
files = [
    {file = "PyMuPDFb-1.23.9-py3-none-macosx_10_9_x86_64.whl", hash = "sha256:457cede084f0a6a80a5b3b678b48f72f5f7185f4be93440bd3b062472588cd05"},
    {file = "PyMuPDFb-1.23.9-py3-none-macosx_11_0_arm64.whl", hash = "sha256:ecf27e040d5faeadb1ade715a4b65cd8a23c6bc40c111df5a685b68ce4d779d2"},
    {file = "PyMuPDFb-1.23.9-py3-none-manylinux2014_aarch64.manylinux_2_17_aarch64.whl", hash = "sha256:29ab88d23eedd1e2f29e21692945dabfcff3d3b1f6bd97ac35d4984e9bd32ed0"},
    {file = "PyMuPDFb-1.23.9-py3-none-manylinux2014_x86_64.manylinux_2_17_x86_64.whl", hash = "sha256:bc7703ce110784d7b7f1fc7a59cb36072a07c6b2d19f5a5bf0a960227a8adb5c"},
    {file = "PyMuPDFb-1.23.9-py3-none-win32.whl", hash = "sha256:3f549891e558a6fc335eafe23d50bd4fda3c5f2dbfd7e9edf362d21ef5945fe9"},
    {file = "PyMuPDFb-1.23.9-py3-none-win_amd64.whl", hash = "sha256:6a2a631fbd03330347b1ecf53f5534c4f7375b44e60b5ad8f36c5c96d4e6ec35"},
]

[metadata]
lock-version = "2.0"
python-versions = "^3.10"
content-hash = "91e92f27ef53b619ae3b9ef3fa76b9a100df05b8991f157d81a905dc0560d0b9"
